Microsoft Visual Studio Solution File, Format Version 12.00
# Visual Studio Version 17
VisualStudioVersion = 17.5.2.0
MinimumVisualStudioVersion = 10.0.40219.1
Project("{FAE04EC0-301F-11D3-BF4B-00C04F79EFBC}") = "Simple2DGame", "Simple2DGame\Simple2DGame.csproj", "{D53D748E-75E7-0028-554F-E7087A325F01}"
EndProject
Global
	GlobalSection(SolutionConfigurationPlatforms) = preSolution
		Debug|Any CPU = Debug|Any CPU
		Release|Any CPU = Release|Any CPU
	EndGlobalSection
	GlobalSection(ProjectConfigurationPlatforms) = postSolution
		{D53D748E-75E7-0028-554F-E7087A325F01}.Debug|Any CPU.ActiveCfg = Debug|Any CPU
		{D53D748E-75E7-0028-554F-E7087A325F01}.Debug|Any CPU.Build.0 = Debug|Any CPU
		{D53D748E-75E7-0028-554F-E7087A325F01}.Release|Any CPU.ActiveCfg = Release|Any CPU
		{D53D748E-75E7-0028-554F-E7087A325F01}.Release|Any CPU.Build.0 = Release|Any CPU
	EndGlobalSection
	GlobalSection(SolutionProperties) = preSolution
		HideSolutionNode = FALSE
	EndGlobalSection
	GlobalSection(ExtensibilityGlobals) = postSolution
		SolutionGuid = {C0FFE13B-D9A6-4F17-B249-C38569ED6F96}
	EndGlobalSection
EndGlobal
